
Microsoft Visual Studio Solution File, Format Version 11.00
# Visual Studio 2010
Project("{FAE04EC0-301F-11D3-BF4B-00C04F79EFBC}") = "Assembly-CSharp", "Assembly-CSharp.csproj", "{440ED0D3-15D1-50C3-1112-C10289AF0ACF}"
EndProject
Global
	GlobalSection(SolutionConfigurationPlatforms) = preSolution
		Debug|Any CPU = Debug|Any CPU
		Release|Any CPU = Release|Any CPU
	EndGlobalSection
	GlobalSection(ProjectConfigurationPlatforms) = postSolution
		{440ED0D3-15D1-50C3-1112-C10289AF0ACF}.Debug|Any CPU.ActiveCfg = Debug|Any CPU
		{440ED0D3-15D1-50C3-1112-C10289AF0ACF}.Debug|Any CPU.Build.0 = Debug|Any CPU
		{440ED0D3-15D1-50C3-1112-C10289AF0ACF}.Release|Any CPU.ActiveCfg = Release|Any CPU
		{440ED0D3-15D1-50C3-1112-C10289AF0ACF}.Release|Any CPU.Build.0 = Release|Any CPU
	EndGlobalSection
	GlobalSection(SolutionProperties) = preSolution
		HideSolutionNode = FALSE
	EndGlobalSection
EndGlobal
